
Microsoft Visual Studio Solution File, Format Version 12.00
# Visual Studio Version 16
VisualStudioVersion = 16.0.30204.135
MinimumVisualStudioVersion = 10.0.40219.1
Project("{FAE04EC0-301F-11D3-BF4B-00C04F79EFBC}") = "MethodExercise", "MethodExercise\MethodExercise.csproj", "{76AE2B7F-9FDD-4DF4-88DD-74B4C98931EC}"
EndProject
Global
	GlobalSection(SolutionConfigurationPlatforms) = preSolution
		Debug|Any CPU = Debug|Any CPU
		Release|Any CPU = Release|Any CPU
	EndGlobalSection
	GlobalSection(ProjectConfigurationPlatforms) = postSolution
		{76AE2B7F-9FDD-4DF4-88DD-74B4C98931EC}.Debug|Any CPU.ActiveCfg = Debug|Any CPU
		{76AE2B7F-9FDD-4DF4-88DD-74B4C98931EC}.Debug|Any CPU.Build.0 = Debug|Any CPU
		{76AE2B7F-9FDD-4DF4-88DD-74B4C98931EC}.Release|Any CPU.ActiveCfg = Release|Any CPU
		{76AE2B7F-9FDD-4DF4-88DD-74B4C98931EC}.Release|Any CPU.Build.0 = Release|Any CPU
	EndGlobalSection
	GlobalSection(SolutionProperties) = preSolution
		HideSolutionNode = FALSE
	EndGlobalSection
	GlobalSection(ExtensibilityGlobals) = postSolution
		SolutionGuid = {73424B04-E808-473A-A565-4F63C74B900D}
	EndGlobalSection
EndGlobal
