
Microsoft Visual Studio Solution File, Format Version 12.00
# Visual Studio Version 16
VisualStudioVersion = 16.0.30204.135
MinimumVisualStudioVersion = 10.0.40219.1
Project("{FAE04EC0-301F-11D3-BF4B-00C04F79EFBC}") = "OperatorExercise", "OperatorExercise\OperatorExercise.csproj", "{3560D68D-64A6-47CC-8482-66CE8D79BF38}"
EndProject
Global
	GlobalSection(SolutionConfigurationPlatforms) = preSolution
		Debug|Any CPU = Debug|Any CPU
		Release|Any CPU = Release|Any CPU
	EndGlobalSection
	GlobalSection(ProjectConfigurationPlatforms) = postSolution
		{3560D68D-64A6-47CC-8482-66CE8D79BF38}.Debug|Any CPU.ActiveCfg = Debug|Any CPU
		{3560D68D-64A6-47CC-8482-66CE8D79BF38}.Debug|Any CPU.Build.0 = Debug|Any CPU
		{3560D68D-64A6-47CC-8482-66CE8D79BF38}.Release|Any CPU.ActiveCfg = Release|Any CPU
		{3560D68D-64A6-47CC-8482-66CE8D79BF38}.Release|Any CPU.Build.0 = Release|Any CPU
	EndGlobalSection
	GlobalSection(SolutionProperties) = preSolution
		HideSolutionNode = FALSE
	EndGlobalSection
	GlobalSection(ExtensibilityGlobals) = postSolution
		SolutionGuid = {DEE95529-62A2-48E1-8276-581A89CC0241}
	EndGlobalSection
EndGlobal
